
Microsoft Visual Studio Solution File, Format Version 12.00
# Visual Studio Version 16
VisualStudioVersion = 16.0.32126.315
MinimumVisualStudioVersion = 10.0.40219.1
Project("{FAE04EC0-301F-11D3-BF4B-00C04F79EFBC}") = "DeliveryStrela", "DeliveryStrela\DeliveryStrela.csproj", "{FCF783C1-2731-4AA2-B0A0-0C955C9CC615}"
EndProject
Global
	GlobalSection(SolutionConfigurationPlatforms) = preSolution
		Debug|Any CPU = Debug|Any CPU
		Release|Any CPU = Release|Any CPU
	EndGlobalSection
	GlobalSection(ProjectConfigurationPlatforms) = postSolution
		{FCF783C1-2731-4AA2-B0A0-0C955C9CC615}.Debug|Any CPU.ActiveCfg = Debug|Any CPU
		{FCF783C1-2731-4AA2-B0A0-0C955C9CC615}.Debug|Any CPU.Build.0 = Debug|Any CPU
		{FCF783C1-2731-4AA2-B0A0-0C955C9CC615}.Release|Any CPU.ActiveCfg = Release|Any CPU
		{FCF783C1-2731-4AA2-B0A0-0C955C9CC615}.Release|Any CPU.Build.0 = Release|Any CPU
	EndGlobalSection
	GlobalSection(SolutionProperties) = preSolution
		HideSolutionNode = FALSE
	EndGlobalSection
	GlobalSection(ExtensibilityGlobals) = postSolution
		SolutionGuid = {07925896-5B4D-40D4-BF52-2ACB031F9494}
	EndGlobalSection
EndGlobal
